
Microsoft Visual Studio Solution File, Format Version 12.00
Project("{F2A71F9B-5D33-465A-A702-920D77279786}") = "AoC", "AoC.fsproj", "{DBF8D9BF-0ADE-4566-BE49-A07ED3F15A0F}"
EndProject
Project("{F2A71F9B-5D33-465A-A702-920D77279786}") = "Runs", "Runs\Runs.fsproj", "{35F4B2BA-E999-40CE-BC21-39F811C4EE2E}"
EndProject
Global
	GlobalSection(SolutionConfigurationPlatforms) = preSolution
		Debug|Any CPU = Debug|Any CPU
		Release|Any CPU = Release|Any CPU
	EndGlobalSection
	GlobalSection(ProjectConfigurationPlatforms) = postSolution
		{DBF8D9BF-0ADE-4566-BE49-A07ED3F15A0F}.Debug|Any CPU.ActiveCfg = Debug|Any CPU
		{DBF8D9BF-0ADE-4566-BE49-A07ED3F15A0F}.Debug|Any CPU.Build.0 = Debug|Any CPU
		{DBF8D9BF-0ADE-4566-BE49-A07ED3F15A0F}.Release|Any CPU.ActiveCfg = Release|Any CPU
		{DBF8D9BF-0ADE-4566-BE49-A07ED3F15A0F}.Release|Any CPU.Build.0 = Release|Any CPU
		{35F4B2BA-E999-40CE-BC21-39F811C4EE2E}.Debug|Any CPU.ActiveCfg = Debug|Any CPU
		{35F4B2BA-E999-40CE-BC21-39F811C4EE2E}.Debug|Any CPU.Build.0 = Debug|Any CPU
		{35F4B2BA-E999-40CE-BC21-39F811C4EE2E}.Release|Any CPU.ActiveCfg = Release|Any CPU
		{35F4B2BA-E999-40CE-BC21-39F811C4EE2E}.Release|Any CPU.Build.0 = Release|Any CPU
	EndGlobalSection
EndGlobal
